
Microsoft Visual Studio Solution File, Format Version 12.00
# Visual Studio Version 16
VisualStudioVersion = 16.0.29503.13
MinimumVisualStudioVersion = 10.0.40219.1
Project("{FAE04EC0-301F-11D3-BF4B-00C04F79EFBC}") = "CSharpPart14", "CSharpPart14\CSharpPart14.csproj", "{1C18EBD4-5488-4C80-BA41-602C053E6058}"
EndProject
Global
	GlobalSection(SolutionConfigurationPlatforms) = preSolution
		Debug|Any CPU = Debug|Any CPU
		Release|Any CPU = Release|Any CPU
	EndGlobalSection
	GlobalSection(ProjectConfigurationPlatforms) = postSolution
		{1C18EBD4-5488-4C80-BA41-602C053E6058}.Debug|Any CPU.ActiveCfg = Debug|Any CPU
		{1C18EBD4-5488-4C80-BA41-602C053E6058}.Debug|Any CPU.Build.0 = Debug|Any CPU
		{1C18EBD4-5488-4C80-BA41-602C053E6058}.Release|Any CPU.ActiveCfg = Release|Any CPU
		{1C18EBD4-5488-4C80-BA41-602C053E6058}.Release|Any CPU.Build.0 = Release|Any CPU
	EndGlobalSection
	GlobalSection(SolutionProperties) = preSolution
		HideSolutionNode = FALSE
	EndGlobalSection
	GlobalSection(ExtensibilityGlobals) = postSolution
		SolutionGuid = {DBD7B69F-BFEE-4072-8700-9085361F627A}
	EndGlobalSection
EndGlobal
