
Microsoft Visual Studio Solution File, Format Version 12.00
# Visual Studio Version 16
VisualStudioVersion = 16.0.29503.13
MinimumVisualStudioVersion = 10.0.40219.1
Project("{FAE04EC0-301F-11D3-BF4B-00C04F79EFBC}") = "CSharpPart17", "CSharpPart17\CSharpPart17.csproj", "{BE66A717-0309-4C60-BCB2-6283E47A9E7A}"
EndProject
Global
	GlobalSection(SolutionConfigurationPlatforms) = preSolution
		Debug|Any CPU = Debug|Any CPU
		Release|Any CPU = Release|Any CPU
	EndGlobalSection
	GlobalSection(ProjectConfigurationPlatforms) = postSolution
		{BE66A717-0309-4C60-BCB2-6283E47A9E7A}.Debug|Any CPU.ActiveCfg = Debug|Any CPU
		{BE66A717-0309-4C60-BCB2-6283E47A9E7A}.Debug|Any CPU.Build.0 = Debug|Any CPU
		{BE66A717-0309-4C60-BCB2-6283E47A9E7A}.Release|Any CPU.ActiveCfg = Release|Any CPU
		{BE66A717-0309-4C60-BCB2-6283E47A9E7A}.Release|Any CPU.Build.0 = Release|Any CPU
	EndGlobalSection
	GlobalSection(SolutionProperties) = preSolution
		HideSolutionNode = FALSE
	EndGlobalSection
	GlobalSection(ExtensibilityGlobals) = postSolution
		SolutionGuid = {1E8B99BD-FA41-4B75-9022-BE8CB8F7F23A}
	EndGlobalSection
EndGlobal
