
Microsoft Visual Studio Solution File, Format Version 12.00
# Visual Studio Version 16
VisualStudioVersion = 16.0.29503.13
MinimumVisualStudioVersion = 10.0.40219.1
Project("{FAE04EC0-301F-11D3-BF4B-00C04F79EFBC}") = "IntroductionPart3", "IntroductionPart3\IntroductionPart3.csproj", "{48330EF9-3B4B-4BE7-8D1A-F2DF00C04E38}"
EndProject
Global
	GlobalSection(SolutionConfigurationPlatforms) = preSolution
		Debug|Any CPU = Debug|Any CPU
		Release|Any CPU = Release|Any CPU
	EndGlobalSection
	GlobalSection(ProjectConfigurationPlatforms) = postSolution
		{48330EF9-3B4B-4BE7-8D1A-F2DF00C04E38}.Debug|Any CPU.ActiveCfg = Debug|Any CPU
		{48330EF9-3B4B-4BE7-8D1A-F2DF00C04E38}.Debug|Any CPU.Build.0 = Debug|Any CPU
		{48330EF9-3B4B-4BE7-8D1A-F2DF00C04E38}.Release|Any CPU.ActiveCfg = Release|Any CPU
		{48330EF9-3B4B-4BE7-8D1A-F2DF00C04E38}.Release|Any CPU.Build.0 = Release|Any CPU
	EndGlobalSection
	GlobalSection(SolutionProperties) = preSolution
		HideSolutionNode = FALSE
	EndGlobalSection
	GlobalSection(ExtensibilityGlobals) = postSolution
		SolutionGuid = {438E95C6-79A2-40E4-81EC-17FD793D925E}
	EndGlobalSection
EndGlobal
