
Microsoft Visual Studio Solution File, Format Version 12.00
# Visual Studio Version 16
VisualStudioVersion = 16.0.29503.13
MinimumVisualStudioVersion = 10.0.40219.1
Project("{FAE04EC0-301F-11D3-BF4B-00C04F79EFBC}") = "CsharpPart13", "CsharpPart13\CsharpPart13.csproj", "{FB405BDE-AA97-4856-BF2A-A6B3AF6D15E6}"
EndProject
Global
	GlobalSection(SolutionConfigurationPlatforms) = preSolution
		Debug|Any CPU = Debug|Any CPU
		Release|Any CPU = Release|Any CPU
	EndGlobalSection
	GlobalSection(ProjectConfigurationPlatforms) = postSolution
		{FB405BDE-AA97-4856-BF2A-A6B3AF6D15E6}.Debug|Any CPU.ActiveCfg = Debug|Any CPU
		{FB405BDE-AA97-4856-BF2A-A6B3AF6D15E6}.Debug|Any CPU.Build.0 = Debug|Any CPU
		{FB405BDE-AA97-4856-BF2A-A6B3AF6D15E6}.Release|Any CPU.ActiveCfg = Release|Any CPU
		{FB405BDE-AA97-4856-BF2A-A6B3AF6D15E6}.Release|Any CPU.Build.0 = Release|Any CPU
	EndGlobalSection
	GlobalSection(SolutionProperties) = preSolution
		HideSolutionNode = FALSE
	EndGlobalSection
	GlobalSection(ExtensibilityGlobals) = postSolution
		SolutionGuid = {FEF56D75-A937-4DC8-A851-B8B5C06AC92A}
	EndGlobalSection
EndGlobal
