
Microsoft Visual Studio Solution File, Format Version 12.00
# Visual Studio Version 16
VisualStudioVersion = 16.0.29503.13
MinimumVisualStudioVersion = 10.0.40219.1
Project("{FAE04EC0-301F-11D3-BF4B-00C04F79EFBC}") = "CSharpPart10", "CSharpPart10\CSharpPart10.csproj", "{D0AC8FD8-1C22-47C9-88AE-FE1163AF5A42}"
EndProject
Global
	GlobalSection(SolutionConfigurationPlatforms) = preSolution
		Debug|Any CPU = Debug|Any CPU
		Release|Any CPU = Release|Any CPU
	EndGlobalSection
	GlobalSection(ProjectConfigurationPlatforms) = postSolution
		{D0AC8FD8-1C22-47C9-88AE-FE1163AF5A42}.Debug|Any CPU.ActiveCfg = Debug|Any CPU
		{D0AC8FD8-1C22-47C9-88AE-FE1163AF5A42}.Debug|Any CPU.Build.0 = Debug|Any CPU
		{D0AC8FD8-1C22-47C9-88AE-FE1163AF5A42}.Release|Any CPU.ActiveCfg = Release|Any CPU
		{D0AC8FD8-1C22-47C9-88AE-FE1163AF5A42}.Release|Any CPU.Build.0 = Release|Any CPU
	EndGlobalSection
	GlobalSection(SolutionProperties) = preSolution
		HideSolutionNode = FALSE
	EndGlobalSection
	GlobalSection(ExtensibilityGlobals) = postSolution
		SolutionGuid = {4DF70F36-EDE3-4CDD-A099-CC2E1A0FBB75}
	EndGlobalSection
EndGlobal
