
Microsoft Visual Studio Solution File, Format Version 12.00
# Visual Studio Version 16
VisualStudioVersion = 16.0.29503.13
MinimumVisualStudioVersion = 10.0.40219.1
Project("{FAE04EC0-301F-11D3-BF4B-00C04F79EFBC}") = "Log4Net", "Log4Net\Log4Net.csproj", "{66DB9AE8-63E6-44B6-A20E-295ED6FF28F8}"
EndProject
Global
	GlobalSection(SolutionConfigurationPlatforms) = preSolution
		Debug|Any CPU = Debug|Any CPU
		Release|Any CPU = Release|Any CPU
	EndGlobalSection
	GlobalSection(ProjectConfigurationPlatforms) = postSolution
		{66DB9AE8-63E6-44B6-A20E-295ED6FF28F8}.Debug|Any CPU.ActiveCfg = Debug|Any CPU
		{66DB9AE8-63E6-44B6-A20E-295ED6FF28F8}.Debug|Any CPU.Build.0 = Debug|Any CPU
		{66DB9AE8-63E6-44B6-A20E-295ED6FF28F8}.Release|Any CPU.ActiveCfg = Release|Any CPU
		{66DB9AE8-63E6-44B6-A20E-295ED6FF28F8}.Release|Any CPU.Build.0 = Release|Any CPU
	EndGlobalSection
	GlobalSection(SolutionProperties) = preSolution
		HideSolutionNode = FALSE
	EndGlobalSection
	GlobalSection(ExtensibilityGlobals) = postSolution
		SolutionGuid = {8522F7A0-B3AC-49F8-BF29-336C49C2536F}
	EndGlobalSection
EndGlobal
